
Microsoft Visual Studio Solution File, Format Version 12.00
# Visual Studio 2017
Project("{FAE04EC0-301F-11D3-BF4B-00C04F79EFBC}") = "Sunfall_Game.Plugins", "Sunfall_Game.Plugins.csproj", "{1DB693B7-A3AA-25D3-A4AD-86664ADCE765}"
EndProject
Project("{FAE04EC0-301F-11D3-BF4B-00C04F79EFBC}") = "Sunfall_Game", "Sunfall_Game.csproj", "{FAA755BF-233C-B464-0090-A0999964A3D3}"
EndProject
Project("{FAE04EC0-301F-11D3-BF4B-00C04F79EFBC}") = "Sunfall_Game.Editor.Plugins", "Sunfall_Game.Editor.Plugins.csproj", "{B72AA998-DDC0-B503-7EF8-5897CA1F4964}"
EndProject
Project("{FAE04EC0-301F-11D3-BF4B-00C04F79EFBC}") = "Sunfall_Game.Editor", "Sunfall_Game.Editor.csproj", "{50EA176D-5506-57BE-5D8E-5A0B9992FB7A}"
EndProject
Global
	GlobalSection(SolutionConfigurationPlatforms) = preSolution
		Debug|Any CPU = Debug|Any CPU
		Release|Any CPU = Release|Any CPU
	EndGlobalSection
	GlobalSection(ProjectConfigurationPlatforms) = postSolution
		{1DB693B7-A3AA-25D3-A4AD-86664ADCE765}.Debug|Any CPU.ActiveCfg = Debug|Any CPU
		{1DB693B7-A3AA-25D3-A4AD-86664ADCE765}.Debug|Any CPU.Build.0 = Debug|Any CPU
		{1DB693B7-A3AA-25D3-A4AD-86664ADCE765}.Release|Any CPU.ActiveCfg = Release|Any CPU
		{1DB693B7-A3AA-25D3-A4AD-86664ADCE765}.Release|Any CPU.Build.0 = Release|Any CPU
		{FAA755BF-233C-B464-0090-A0999964A3D3}.Debug|Any CPU.ActiveCfg = Debug|Any CPU
		{FAA755BF-233C-B464-0090-A0999964A3D3}.Debug|Any CPU.Build.0 = Debug|Any CPU
		{FAA755BF-233C-B464-0090-A0999964A3D3}.Release|Any CPU.ActiveCfg = Release|Any CPU
		{FAA755BF-233C-B464-0090-A0999964A3D3}.Release|Any CPU.Build.0 = Release|Any CPU
		{B72AA998-DDC0-B503-7EF8-5897CA1F4964}.Debug|Any CPU.ActiveCfg = Debug|Any CPU
		{B72AA998-DDC0-B503-7EF8-5897CA1F4964}.Debug|Any CPU.Build.0 = Debug|Any CPU
		{B72AA998-DDC0-B503-7EF8-5897CA1F4964}.Release|Any CPU.ActiveCfg = Release|Any CPU
		{B72AA998-DDC0-B503-7EF8-5897CA1F4964}.Release|Any CPU.Build.0 = Release|Any CPU
		{50EA176D-5506-57BE-5D8E-5A0B9992FB7A}.Debug|Any CPU.ActiveCfg = Debug|Any CPU
		{50EA176D-5506-57BE-5D8E-5A0B9992FB7A}.Debug|Any CPU.Build.0 = Debug|Any CPU
		{50EA176D-5506-57BE-5D8E-5A0B9992FB7A}.Release|Any CPU.ActiveCfg = Release|Any CPU
		{50EA176D-5506-57BE-5D8E-5A0B9992FB7A}.Release|Any CPU.Build.0 = Release|Any CPU
	EndGlobalSection
	GlobalSection(SolutionProperties) = preSolution
		HideSolutionNode = FALSE
	EndGlobalSection
EndGlobal
