
Microsoft Visual Studio Solution File, Format Version 12.00
# Visual Studio 2015
Project("{FAE04EC0-301F-11D3-BF4B-00C04F79EFBC}") = "Sunfall_Game.CSharp.Plugins", "Sunfall_Game.CSharp.Plugins.csproj", "{0023294C-2E40-22A8-DB7F-1C830ADFDCD9}"
EndProject
Project("{FAE04EC0-301F-11D3-BF4B-00C04F79EFBC}") = "Sunfall_Game.CSharp", "Sunfall_Game.CSharp.csproj", "{DC032551-F8DB-72C7-1945-F1CFC5A0C1BD}"
EndProject
Project("{FAE04EC0-301F-11D3-BF4B-00C04F79EFBC}") = "Sunfall_Game.CSharp.Editor.Plugins", "Sunfall_Game.CSharp.Editor.Plugins.csproj", "{E8F2148F-08CD-57A4-A69D-420B94430807}"
EndProject
Global
	GlobalSection(SolutionConfigurationPlatforms) = preSolution
		Debug|Any CPU = Debug|Any CPU
		Release|Any CPU = Release|Any CPU
	EndGlobalSection
	GlobalSection(ProjectConfigurationPlatforms) = postSolution
		{0023294C-2E40-22A8-DB7F-1C830ADFDCD9}.Debug|Any CPU.ActiveCfg = Debug|Any CPU
		{0023294C-2E40-22A8-DB7F-1C830ADFDCD9}.Debug|Any CPU.Build.0 = Debug|Any CPU
		{0023294C-2E40-22A8-DB7F-1C830ADFDCD9}.Release|Any CPU.ActiveCfg = Release|Any CPU
		{0023294C-2E40-22A8-DB7F-1C830ADFDCD9}.Release|Any CPU.Build.0 = Release|Any CPU
		{DC032551-F8DB-72C7-1945-F1CFC5A0C1BD}.Debug|Any CPU.ActiveCfg = Debug|Any CPU
		{DC032551-F8DB-72C7-1945-F1CFC5A0C1BD}.Debug|Any CPU.Build.0 = Debug|Any CPU
		{DC032551-F8DB-72C7-1945-F1CFC5A0C1BD}.Release|Any CPU.ActiveCfg = Release|Any CPU
		{DC032551-F8DB-72C7-1945-F1CFC5A0C1BD}.Release|Any CPU.Build.0 = Release|Any CPU
		{E8F2148F-08CD-57A4-A69D-420B94430807}.Debug|Any CPU.ActiveCfg = Debug|Any CPU
		{E8F2148F-08CD-57A4-A69D-420B94430807}.Debug|Any CPU.Build.0 = Debug|Any CPU
		{E8F2148F-08CD-57A4-A69D-420B94430807}.Release|Any CPU.ActiveCfg = Release|Any CPU
		{E8F2148F-08CD-57A4-A69D-420B94430807}.Release|Any CPU.Build.0 = Release|Any CPU
	EndGlobalSection
	GlobalSection(SolutionProperties) = preSolution
		HideSolutionNode = FALSE
	EndGlobalSection
EndGlobal
